
Microsoft Visual Studio Solution File, Format Version 12.00
# Visual Studio Version 17
VisualStudioVersion = 17.0.32014.148
MinimumVisualStudioVersion = 10.0.40219.1
Project("{FAE04EC0-301F-11D3-BF4B-00C04F79EFBC}") = "Dec2Hex", "Dec2Hex.csproj", "{B177B7CC-3D6F-4FB8-B451-02FFE9A7AE58}"
EndProject
Global
	GlobalSection(SolutionConfigurationPlatforms) = preSolution
		Debug|Any CPU = Debug|Any CPU
		Release|Any CPU = Release|Any CPU
	EndGlobalSection
	GlobalSection(ProjectConfigurationPlatforms) = postSolution
		{B177B7CC-3D6F-4FB8-B451-02FFE9A7AE58}.Debug|Any CPU.ActiveCfg = Debug|Any CPU
		{B177B7CC-3D6F-4FB8-B451-02FFE9A7AE58}.Debug|Any CPU.Build.0 = Debug|Any CPU
		{B177B7CC-3D6F-4FB8-B451-02FFE9A7AE58}.Release|Any CPU.ActiveCfg = Release|Any CPU
		{B177B7CC-3D6F-4FB8-B451-02FFE9A7AE58}.Release|Any CPU.Build.0 = Release|Any CPU
	EndGlobalSection
	GlobalSection(SolutionProperties) = preSolution
		HideSolutionNode = FALSE
	EndGlobalSection
	GlobalSection(ExtensibilityGlobals) = postSolution
		SolutionGuid = {D05106DA-E2BA-410B-B1F8-F51CCCF0B48B}
	EndGlobalSection
EndGlobal
